<?xml version="1.0" encoding="utf-8"?>
<Project ToolsVersion="4.0" xmlns="http://schemas.microsoft.com/developer/msbuild/2003">
  <ItemGroup>
    <Filter Include="소스 파일">
      <UniqueIdentifier>{4FC737F1-C7A5-4376-A066-2A32D752A2FF}</UniqueIdentifier>
      <Extensions>cpp;c;cc;cxx;c++;cppm;ixx;def;odl;idl;hpj;bat;asm;asmx</Extensions>
    </Filter>
    <Filter Include="헤더 파일">
      <UniqueIdentifier>{93995380-89BD-4b04-88EB-625FBE52EBFB}</UniqueIdentifier>
      <Extensions>h;hh;hpp;hxx;h++;hm;inl;inc;ipp;xsd</Extensions>
    </Filter>
    <Filter Include="리소스 파일">
      <UniqueIdentifier>{67DA6AB6-F800-4c08-8B7A-83BB121AAD01}</UniqueIdentifier>
      <Extensions>rc;ico;cur;bmp;dlg;rc2;rct;bin;rgs;gif;jpg;jpeg;jpe;resx;tiff;tif;png;wav;mfcribbon-ms</Extensions>
    </Filter>
  </ItemGroup>
  <ItemGroup>
    <ClCompile Include="대문자를_소문자로_변경.c">
      <Filter>소스 파일</Filter>
    </ClCompile>
    <ClCompile Include="공백이나_제어_문자의_입력.c">
      <Filter>소스 파일</Filter>
    </ClCompile>
    <ClCompile Include="getchar함수와_putchar함수.c">
      <Filter>소스 파일</Filter>
    </ClCompile>
    <ClCompile Include="getchar함수의_반환형이_int형인_이유.c">
      <Filter>소스 파일</Filter>
    </ClCompile>
    <ClCompile Include="버퍼를_사용하는_문자_입력.c">
      <Filter>소스 파일</Filter>
    </ClCompile>
    <ClCompile Include="개행_문자를_활용한_데이터_입출력.c">
      <Filter>소스 파일</Filter>
    </ClCompile>
    <ClCompile Include="입력문자의_아스키_코드_값을_출력하는_프로그램.c">
      <Filter>소스 파일</Filter>
    </ClCompile>
    <ClCompile Include="EOF.c">
      <Filter>소스 파일</Filter>
    </ClCompile>
    <ClCompile Include="getchar함수를_사용한_문자열_입력.c">
      <Filter>소스 파일</Filter>
    </ClCompile>
    <ClCompile Include="버퍼의_내용을_지우는_경우.c">
      <Filter>소스 파일</Filter>
    </ClCompile>
  </ItemGroup>
</Project>