
Microsoft Visual Studio Solution File, Format Version 12.00
# Visual Studio Version 17
VisualStudioVersion = 17.0.32014.148
MinimumVisualStudioVersion = 10.0.40219.1
Project("{8BC9CEB8-8B4A-11D0-8D11-00A0C91BC942}") = "메모리_동적_할당", "메모리_동적_할당\메모리_동적_할당.vcxproj", "{F84E4A40-0CA6-4ED7-A593-7BE55B01F0FA}"
EndProject
Global
	GlobalSection(SolutionConfigurationPlatforms) = preSolution
		Debug|x64 = Debug|x64
		Debug|x86 = Debug|x86
		Release|x64 = Release|x64
		Release|x86 = Release|x86
	EndGlobalSection
	GlobalSection(ProjectConfigurationPlatforms) = postSolution
		{F84E4A40-0CA6-4ED7-A593-7BE55B01F0FA}.Debug|x64.ActiveCfg = Debug|x64
		{F84E4A40-0CA6-4ED7-A593-7BE55B01F0FA}.Debug|x64.Build.0 = Debug|x64
		{F84E4A40-0CA6-4ED7-A593-7BE55B01F0FA}.Debug|x86.ActiveCfg = Debug|Win32
		{F84E4A40-0CA6-4ED7-A593-7BE55B01F0FA}.Debug|x86.Build.0 = Debug|Win32
		{F84E4A40-0CA6-4ED7-A593-7BE55B01F0FA}.Release|x64.ActiveCfg = Release|x64
		{F84E4A40-0CA6-4ED7-A593-7BE55B01F0FA}.Release|x64.Build.0 = Release|x64
		{F84E4A40-0CA6-4ED7-A593-7BE55B01F0FA}.Release|x86.ActiveCfg = Release|Win32
		{F84E4A40-0CA6-4ED7-A593-7BE55B01F0FA}.Release|x86.Build.0 = Release|Win32
	EndGlobalSection
	GlobalSection(SolutionProperties) = preSolution
		HideSolutionNode = FALSE
	EndGlobalSection
	GlobalSection(ExtensibilityGlobals) = postSolution
		SolutionGuid = {F3B76958-7963-4390-BCBD-757758118315}
	EndGlobalSection
EndGlobal
