<?xml version="1.0" encoding="utf-8"?>
<Project ToolsVersion="4.0" xmlns="http://schemas.microsoft.com/developer/msbuild/2003">
  <ItemGroup>
    <Filter Include="소스 파일">
      <UniqueIdentifier>{4FC737F1-C7A5-4376-A066-2A32D752A2FF}</UniqueIdentifier>
      <Extensions>cpp;c;cc;cxx;c++;cppm;ixx;def;odl;idl;hpj;bat;asm;asmx</Extensions>
    </Filter>
    <Filter Include="헤더 파일">
      <UniqueIdentifier>{93995380-89BD-4b04-88EB-625FBE52EBFB}</UniqueIdentifier>
      <Extensions>h;hh;hpp;hxx;h++;hm;inl;inc;ipp;xsd</Extensions>
    </Filter>
    <Filter Include="리소스 파일">
      <UniqueIdentifier>{67DA6AB6-F800-4c08-8B7A-83BB121AAD01}</UniqueIdentifier>
      <Extensions>rc;ico;cur;bmp;dlg;rc2;rct;bin;rgs;gif;jpg;jpeg;jpe;resx;tiff;tif;png;wav;mfcribbon-ms</Extensions>
    </Filter>
  </ItemGroup>
  <ItemGroup>
    <ClCompile Include="포인터와_이중포인터의_관계.c">
      <Filter>소스 파일</Filter>
    </ClCompile>
    <ClCompile Include="이중_포인터를_사용한_포인터_교환.c">
      <Filter>소스 파일</Filter>
    </ClCompile>
    <ClCompile Include="포인터_배열의_값을_출력하는_함수.c">
      <Filter>소스 파일</Filter>
    </ClCompile>
    <ClCompile Include="주소로_쓰이는_배열명과_배열의_주소_비교.c">
      <Filter>소스 파일</Filter>
    </ClCompile>
    <ClCompile Include="2차원_배열과_배열_포인터.c">
      <Filter>소스 파일</Filter>
    </ClCompile>
    <ClCompile Include="2차원_배열의_값을_출력하는_함수.c">
      <Filter>소스 파일</Filter>
    </ClCompile>
    <ClCompile Include="함수_포인터와_void_포인터.c">
      <Filter>소스 파일</Filter>
    </ClCompile>
    <ClCompile Include="함수_포인터의_활용(원하는_함수_호출).c">
      <Filter>소스 파일</Filter>
    </ClCompile>
    <ClCompile Include="void_포인터의_사용.c">
      <Filter>소스 파일</Filter>
    </ClCompile>
  </ItemGroup>
</Project>