<?xml version="1.0" encoding="utf-8"?>
<Project ToolsVersion="4.0" xmlns="http://schemas.microsoft.com/developer/msbuild/2003">
  <ItemGroup>
    <Filter Include="소스 파일">
      <UniqueIdentifier>{4FC737F1-C7A5-4376-A066-2A32D752A2FF}</UniqueIdentifier>
      <Extensions>cpp;c;cc;cxx;c++;cppm;ixx;def;odl;idl;hpj;bat;asm;asmx</Extensions>
    </Filter>
    <Filter Include="헤더 파일">
      <UniqueIdentifier>{93995380-89BD-4b04-88EB-625FBE52EBFB}</UniqueIdentifier>
      <Extensions>h;hh;hpp;hxx;h++;hm;inl;inc;ipp;xsd</Extensions>
    </Filter>
    <Filter Include="리소스 파일">
      <UniqueIdentifier>{67DA6AB6-F800-4c08-8B7A-83BB121AAD01}</UniqueIdentifier>
      <Extensions>rc;ico;cur;bmp;dlg;rc2;rct;bin;rgs;gif;jpg;jpeg;jpe;resx;tiff;tif;png;wav;mfcribbon-ms</Extensions>
    </Filter>
  </ItemGroup>
  <ItemGroup>
    <ClCompile Include="배열명에_정수_연산을_수행해_배열__요소_사용.c">
      <Filter>소스 파일</Filter>
    </ClCompile>
    <ClCompile Include="배열명처럼_사용되는_포인터.c">
      <Filter>소스 파일</Filter>
    </ClCompile>
    <ClCompile Include="배열명과_포인터의_차이.c">
      <Filter>소스 파일</Filter>
    </ClCompile>
    <ClCompile Include="포인터를_이용한_배열의_값_출력.c">
      <Filter>소스 파일</Filter>
    </ClCompile>
    <ClCompile Include="포인터의_뺄셈과_관계_연산.c">
      <Filter>소스 파일</Filter>
    </ClCompile>
    <ClCompile Include="배열을_처리하는_함수.c">
      <Filter>소스 파일</Filter>
    </ClCompile>
    <ClCompile Include="크기가_다른_배열을_출력하는_함수.c">
      <Filter>소스 파일</Filter>
    </ClCompile>
    <ClCompile Include="배열에_값을_입력하는_함수.c">
      <Filter>소스 파일</Filter>
    </ClCompile>
    <ClCompile Include="함수의_매개변수_자리에_배열을_선언하는_경우.c">
      <Filter>소스 파일</Filter>
    </ClCompile>
  </ItemGroup>
</Project>