<?xml version="1.0" encoding="utf-8"?>
<Project ToolsVersion="4.0" xmlns="http://schemas.microsoft.com/developer/msbuild/2003">
  <ItemGroup>
    <Filter Include="소스 파일">
      <UniqueIdentifier>{4FC737F1-C7A5-4376-A066-2A32D752A2FF}</UniqueIdentifier>
      <Extensions>cpp;c;cc;cxx;c++;cppm;ixx;def;odl;idl;hpj;bat;asm;asmx</Extensions>
    </Filter>
    <Filter Include="헤더 파일">
      <UniqueIdentifier>{93995380-89BD-4b04-88EB-625FBE52EBFB}</UniqueIdentifier>
      <Extensions>h;hh;hpp;hxx;h++;hm;inl;inc;ipp;xsd</Extensions>
    </Filter>
    <Filter Include="리소스 파일">
      <UniqueIdentifier>{67DA6AB6-F800-4c08-8B7A-83BB121AAD01}</UniqueIdentifier>
      <Extensions>rc;ico;cur;bmp;dlg;rc2;rct;bin;rgs;gif;jpg;jpeg;jpe;resx;tiff;tif;png;wav;mfcribbon-ms</Extensions>
    </Filter>
  </ItemGroup>
  <ItemGroup>
    <ClCompile Include="문자열_상수는_주소이다.c">
      <Filter>소스 파일</Filter>
    </ClCompile>
    <ClCompile Include="포인터로_문자열을_사용하는_방법.c">
      <Filter>소스 파일</Filter>
    </ClCompile>
    <ClCompile Include="printf함수에서_변환문자_사용_코드.c">
      <Filter>소스 파일</Filter>
    </ClCompile>
    <ClCompile Include="같은_문자열_상수를_여러번_사용할_때.c">
      <Filter>소스 파일</Filter>
    </ClCompile>
    <ClCompile Include="scanf_함수를_사용한_문자열_입력.c">
      <Filter>소스 파일</Filter>
    </ClCompile>
    <ClCompile Include="gets_함수를_사용한_문자열_입력.c">
      <Filter>소스 파일</Filter>
    </ClCompile>
    <ClCompile Include="fgets_함수의_문자열_입력_방법.c">
      <Filter>소스 파일</Filter>
    </ClCompile>
    <ClCompile Include="개행_문자로_인해_gets함수가_입력을_못하는_경우.c">
      <Filter>소스 파일</Filter>
    </ClCompile>
    <ClCompile Include="문자열을_출력하는_puts_와_fputs_함수.c">
      <Filter>소스 파일</Filter>
    </ClCompile>
    <ClCompile Include="직접_구현해_보는_gets_함수.c">
      <Filter>소스 파일</Filter>
    </ClCompile>
    <ClCompile Include="직접_구현해_보는_gets_함수02.c">
      <Filter>소스 파일</Filter>
    </ClCompile>
    <ClCompile Include="strcpy함수의_사용법.c">
      <Filter>소스 파일</Filter>
    </ClCompile>
    <ClCompile Include="strncpy함수를_사용한_문자열_복사.c">
      <Filter>소스 파일</Filter>
    </ClCompile>
    <ClCompile Include="strcat_strncat함수.c">
      <Filter>소스 파일</Filter>
    </ClCompile>
    <ClCompile Include="문자열_길이를_계산하는_strlen_함수.c">
      <Filter>소스 파일</Filter>
    </ClCompile>
    <ClCompile Include="strcmp_strncmp_함수_비교.c">
      <Filter>소스 파일</Filter>
    </ClCompile>
    <ClCompile Include="strcpy_함수_만들기.c">
      <Filter>소스 파일</Filter>
    </ClCompile>
    <ClCompile Include="strcat함수_만들기.c">
      <Filter>소스 파일</Filter>
    </ClCompile>
    <ClCompile Include="strlen_함수_만들기.c">
      <Filter>소스 파일</Filter>
    </ClCompile>
    <ClCompile Include="strcmp_함수_만들기.c">
      <Filter>소스 파일</Filter>
    </ClCompile>
  </ItemGroup>
</Project>